<?xml version="1.0" encoding="utf-8"?>
<Project ToolsVersion="16.0" xmlns="http://schemas.microsoft.com/developer/msbuild/2003">
  <ItemGroup>
    <ClCompile Include="D:\cplus\obs-studio\plugins\obs-transitions\obs-transitions.c">
      <Filter>Source Files</Filter>
    </ClCompile>
    <ClCompile Include="D:\cplus\obs-studio\plugins\obs-transitions\transition-slide.c">
      <Filter>Source Files</Filter>
    </ClCompile>
    <ClCompile Include="D:\cplus\obs-studio\plugins\obs-transitions\transition-swipe.c">
      <Filter>Source Files</Filter>
    </ClCompile>
    <ClCompile Include="D:\cplus\obs-studio\plugins\obs-transitions\transition-fade.c">
      <Filter>Source Files</Filter>
    </ClCompile>
    <ClCompile Include="D:\cplus\obs-studio\plugins\obs-transitions\transition-cut.c">
      <Filter>Source Files</Filter>
    </ClCompile>
    <ClCompile Include="D:\cplus\obs-studio\plugins\obs-transitions\transition-fade-to-color.c">
      <Filter>Source Files</Filter>
    </ClCompile>
    <ClCompile Include="D:\cplus\obs-studio\plugins\obs-transitions\transition-luma-wipe.c">
      <Filter>Source Files</Filter>
    </ClCompile>
    <ClCompile Include="D:\cplus\obs-studio\plugins\obs-transitions\transition-stinger.c">
      <Filter>Source Files</Filter>
    </ClCompile>
  </ItemGroup>
  <ItemGroup>
    <CustomBuild Include="D:\cplus\obs-studio\plugins\obs-transitions\CMakeLists.txt" />
  </ItemGroup>
  <ItemGroup>
    <ResourceCompile Include="D:\cplus\obs-studio\build\plugins\obs-transitions\obs-transitions.rc">
      <Filter>Source Files</Filter>
    </ResourceCompile>
  </ItemGroup>
  <ItemGroup>
    <Filter Include="Source Files">
      <UniqueIdentifier>{7E19D42B-3A70-3B10-82CC-9C9D5FEB9694}</UniqueIdentifier>
    </Filter>
  </ItemGroup>
</Project>
