<?xml version="1.0" encoding="utf-8"?>
<Project ToolsVersion="16.0" xmlns="http://schemas.microsoft.com/developer/msbuild/2003">
  <ItemGroup>
    <ClCompile Include="C:\CubeNodeLTD\obs\2.25\obs-studio\plugins\enc-amf\amf-test\main.cpp">
      <Filter>Source Files</Filter>
    </ClCompile>
    <ClCompile Include="C:\CubeNodeLTD\obs\2.25\obs-studio\plugins\enc-amf\source\amf.cpp">
      <Filter>Source Files</Filter>
    </ClCompile>
    <ClCompile Include="C:\CubeNodeLTD\obs\2.25\obs-studio\plugins\enc-amf\source\amf-capabilities.cpp">
      <Filter>Source Files</Filter>
    </ClCompile>
    <ClCompile Include="C:\CubeNodeLTD\obs\2.25\obs-studio\plugins\enc-amf\source\amf-encoder.cpp">
      <Filter>Source Files</Filter>
    </ClCompile>
    <ClCompile Include="C:\CubeNodeLTD\obs\2.25\obs-studio\plugins\enc-amf\source\amf-encoder-h264.cpp">
      <Filter>Source Files</Filter>
    </ClCompile>
    <ClCompile Include="C:\CubeNodeLTD\obs\2.25\obs-studio\plugins\enc-amf\source\amf-encoder-h265.cpp">
      <Filter>Source Files</Filter>
    </ClCompile>
    <ClCompile Include="C:\CubeNodeLTD\obs\2.25\obs-studio\plugins\enc-amf\source\api-base.cpp">
      <Filter>Source Files</Filter>
    </ClCompile>
    <ClCompile Include="C:\CubeNodeLTD\obs\2.25\obs-studio\plugins\enc-amf\source\api-d3d9.cpp">
      <Filter>Source Files</Filter>
    </ClCompile>
    <ClCompile Include="C:\CubeNodeLTD\obs\2.25\obs-studio\plugins\enc-amf\source\api-d3d11.cpp">
      <Filter>Source Files</Filter>
    </ClCompile>
    <ClCompile Include="C:\CubeNodeLTD\obs\2.25\obs-studio\plugins\enc-amf\source\utility.cpp">
      <Filter>Source Files</Filter>
    </ClCompile>
  </ItemGroup>
  <ItemGroup>
    <ClInclude Include="C:\CubeNodeLTD\obs\2.25\obs-studio\plugins\enc-amf\include\amf.hpp">
      <Filter>Header Files</Filter>
    </ClInclude>
    <ClInclude Include="C:\CubeNodeLTD\obs\2.25\obs-studio\plugins\enc-amf\include\amf-capabilities.hpp">
      <Filter>Header Files</Filter>
    </ClInclude>
    <ClInclude Include="C:\CubeNodeLTD\obs\2.25\obs-studio\plugins\enc-amf\include\amf-encoder.hpp">
      <Filter>Header Files</Filter>
    </ClInclude>
    <ClInclude Include="C:\CubeNodeLTD\obs\2.25\obs-studio\plugins\enc-amf\include\amf-encoder-h264.hpp">
      <Filter>Header Files</Filter>
    </ClInclude>
    <ClInclude Include="C:\CubeNodeLTD\obs\2.25\obs-studio\plugins\enc-amf\include\amf-encoder-h265.hpp">
      <Filter>Header Files</Filter>
    </ClInclude>
    <ClInclude Include="C:\CubeNodeLTD\obs\2.25\obs-studio\plugins\enc-amf\include\api-base.hpp">
      <Filter>Header Files</Filter>
    </ClInclude>
    <ClInclude Include="C:\CubeNodeLTD\obs\2.25\obs-studio\plugins\enc-amf\include\api-d3d9.hpp">
      <Filter>Header Files</Filter>
    </ClInclude>
    <ClInclude Include="C:\CubeNodeLTD\obs\2.25\obs-studio\plugins\enc-amf\include\api-d3d11.hpp">
      <Filter>Header Files</Filter>
    </ClInclude>
    <ClInclude Include="C:\CubeNodeLTD\obs\2.25\obs-studio\plugins\enc-amf\include\utility.hpp">
      <Filter>Header Files</Filter>
    </ClInclude>
  </ItemGroup>
  <ItemGroup>
    <CustomBuild Include="C:\CubeNodeLTD\obs\2.25\obs-studio\plugins\enc-amf\amf-test\CMakeLists.txt" />
  </ItemGroup>
  <ItemGroup>
    <Filter Include="Header Files">
      <UniqueIdentifier>{2BDE9F04-40FC-327F-B22E-E6189C5400E1}</UniqueIdentifier>
    </Filter>
    <Filter Include="Source Files">
      <UniqueIdentifier>{A096C864-D932-3AEE-BAF3-9829F2DF1CD3}</UniqueIdentifier>
    </Filter>
  </ItemGroup>
</Project>
