<?xml version="1.0" encoding="utf-8"?>
<Project ToolsVersion="16.0" xmlns="http://schemas.microsoft.com/developer/msbuild/2003">
  <ItemGroup>
    <ClCompile Include="D:\cplus\obs-studio\plugins\decklink\plugin-main.cpp">
      <Filter>Source Files</Filter>
    </ClCompile>
    <ClCompile Include="D:\cplus\obs-studio\plugins\decklink\decklink-devices.cpp">
      <Filter>Source Files</Filter>
    </ClCompile>
    <ClCompile Include="D:\cplus\obs-studio\plugins\decklink\DecklinkOutput.cpp">
      <Filter>Source Files</Filter>
    </ClCompile>
    <ClCompile Include="D:\cplus\obs-studio\plugins\decklink\decklink-source.cpp">
      <Filter>Source Files</Filter>
    </ClCompile>
    <ClCompile Include="D:\cplus\obs-studio\plugins\decklink\decklink-output.cpp">
      <Filter>Source Files</Filter>
    </ClCompile>
    <ClCompile Include="D:\cplus\obs-studio\plugins\decklink\DecklinkInput.cpp">
      <Filter>Source Files</Filter>
    </ClCompile>
    <ClCompile Include="D:\cplus\obs-studio\plugins\decklink\DecklinkBase.cpp">
      <Filter>Source Files</Filter>
    </ClCompile>
    <ClCompile Include="D:\cplus\obs-studio\plugins\decklink\decklink-device-instance.cpp">
      <Filter>Source Files</Filter>
    </ClCompile>
    <ClCompile Include="D:\cplus\obs-studio\plugins\decklink\decklink-device-discovery.cpp">
      <Filter>Source Files</Filter>
    </ClCompile>
    <ClCompile Include="D:\cplus\obs-studio\plugins\decklink\decklink-device.cpp">
      <Filter>Source Files</Filter>
    </ClCompile>
    <ClCompile Include="D:\cplus\obs-studio\plugins\decklink\decklink-device-mode.cpp">
      <Filter>Source Files</Filter>
    </ClCompile>
    <ClCompile Include="D:\cplus\obs-studio\plugins\decklink\audio-repack.c">
      <Filter>Source Files</Filter>
    </ClCompile>
    <ClCompile Include="D:\cplus\obs-studio\plugins\decklink\win\platform.cpp">
      <Filter>Source Files</Filter>
    </ClCompile>
    <ClCompile Include="D:\cplus\obs-studio\plugins\decklink\util.cpp">
      <Filter>Source Files</Filter>
    </ClCompile>
    <ClCompile Include="D:\cplus\obs-studio\plugins\decklink\OBSVideoFrame.cpp">
      <Filter>Source Files</Filter>
    </ClCompile>
    <ClCompile Include="D:\cplus\obs-studio\build\plugins\decklink\win\DeckLinkAPI_i.c">
      <Filter>Source Files</Filter>
    </ClCompile>
  </ItemGroup>
  <ItemGroup>
    <ClInclude Include="D:\cplus\obs-studio\plugins\decklink\decklink-devices.hpp">
      <Filter>Header Files</Filter>
    </ClInclude>
    <ClInclude Include="D:\cplus\obs-studio\plugins\decklink\DecklinkOutput.hpp">
      <Filter>Header Files</Filter>
    </ClInclude>
    <ClInclude Include="D:\cplus\obs-studio\plugins\decklink\const.h">
      <Filter>Header Files</Filter>
    </ClInclude>
    <ClInclude Include="D:\cplus\obs-studio\plugins\decklink\platform.hpp">
      <Filter>Header Files</Filter>
    </ClInclude>
    <ClInclude Include="D:\cplus\obs-studio\plugins\decklink\DecklinkInput.hpp">
      <Filter>Header Files</Filter>
    </ClInclude>
    <ClInclude Include="D:\cplus\obs-studio\plugins\decklink\DecklinkBase.h">
      <Filter>Header Files</Filter>
    </ClInclude>
    <ClInclude Include="D:\cplus\obs-studio\plugins\decklink\decklink-device-instance.hpp">
      <Filter>Header Files</Filter>
    </ClInclude>
    <ClInclude Include="D:\cplus\obs-studio\plugins\decklink\decklink-device-discovery.hpp">
      <Filter>Header Files</Filter>
    </ClInclude>
    <ClInclude Include="D:\cplus\obs-studio\plugins\decklink\decklink-device.hpp">
      <Filter>Header Files</Filter>
    </ClInclude>
    <ClInclude Include="D:\cplus\obs-studio\plugins\decklink\decklink-device-mode.hpp">
      <Filter>Header Files</Filter>
    </ClInclude>
    <ClInclude Include="D:\cplus\obs-studio\plugins\decklink\audio-repack.h">
      <Filter>Header Files</Filter>
    </ClInclude>
    <ClInclude Include="D:\cplus\obs-studio\plugins\decklink\audio-repack.hpp">
      <Filter>Header Files</Filter>
    </ClInclude>
    <ClInclude Include="D:\cplus\obs-studio\plugins\decklink\util.hpp">
      <Filter>Header Files</Filter>
    </ClInclude>
    <ClInclude Include="D:\cplus\obs-studio\plugins\decklink\OBSVideoFrame.h">
      <Filter>Header Files</Filter>
    </ClInclude>
    <ClInclude Include="D:\cplus\obs-studio\plugins\decklink\win\decklink-sdk\DeckLinkAPIVersion.h">
      <Filter>Header Files</Filter>
    </ClInclude>
    <ClInclude Include="D:\cplus\obs-studio\build\plugins\decklink\win\DeckLinkAPI.h">
      <Filter>Header Files</Filter>
    </ClInclude>
  </ItemGroup>
  <ItemGroup>
    <CustomBuild Include="D:\cplus\obs-studio\build\CMakeFiles\3ba411b3d95b4c3d0f6310a3e0cc937d\DeckLinkAPI.h.rule">
      <Filter>CMake Rules</Filter>
    </CustomBuild>
    <CustomBuild Include="D:\cplus\obs-studio\plugins\decklink\win\CMakeLists.txt" />
  </ItemGroup>
  <ItemGroup>
    <ResourceCompile Include="D:\cplus\obs-studio\build\plugins\decklink\win\win-decklink.rc">
      <Filter>Source Files</Filter>
    </ResourceCompile>
  </ItemGroup>
  <ItemGroup>
    <Filter Include="CMake Rules">
      <UniqueIdentifier>{0AC83EED-0654-3182-8F1A-64A41541582D}</UniqueIdentifier>
    </Filter>
    <Filter Include="Header Files">
      <UniqueIdentifier>{460C01EF-AEE7-35F1-A026-942F52C87BEA}</UniqueIdentifier>
    </Filter>
    <Filter Include="Source Files">
      <UniqueIdentifier>{7E19D42B-3A70-3B10-82CC-9C9D5FEB9694}</UniqueIdentifier>
    </Filter>
  </ItemGroup>
</Project>
