<?xml version="1.0" encoding="utf-8"?>
<Project ToolsVersion="16.0" xmlns="http://schemas.microsoft.com/developer/msbuild/2003">
  <ItemGroup>
    <ClCompile Include="C:\CubeNodeLTD\obs\2.25\obs-studio\libobs-d3d11\d3d11-indexbuffer.cpp">
      <Filter>Source Files</Filter>
    </ClCompile>
    <ClCompile Include="C:\CubeNodeLTD\obs\2.25\obs-studio\libobs-d3d11\d3d11-samplerstate.cpp">
      <Filter>Source Files</Filter>
    </ClCompile>
    <ClCompile Include="C:\CubeNodeLTD\obs\2.25\obs-studio\libobs-d3d11\d3d11-shader.cpp">
      <Filter>Source Files</Filter>
    </ClCompile>
    <ClCompile Include="C:\CubeNodeLTD\obs\2.25\obs-studio\libobs-d3d11\d3d11-shaderprocessor.cpp">
      <Filter>Source Files</Filter>
    </ClCompile>
    <ClCompile Include="C:\CubeNodeLTD\obs\2.25\obs-studio\libobs-d3d11\d3d11-stagesurf.cpp">
      <Filter>Source Files</Filter>
    </ClCompile>
    <ClCompile Include="C:\CubeNodeLTD\obs\2.25\obs-studio\libobs-d3d11\d3d11-subsystem.cpp">
      <Filter>Source Files</Filter>
    </ClCompile>
    <ClCompile Include="C:\CubeNodeLTD\obs\2.25\obs-studio\libobs-d3d11\d3d11-texture2d.cpp">
      <Filter>Source Files</Filter>
    </ClCompile>
    <ClCompile Include="C:\CubeNodeLTD\obs\2.25\obs-studio\libobs-d3d11\d3d11-texture3d.cpp">
      <Filter>Source Files</Filter>
    </ClCompile>
    <ClCompile Include="C:\CubeNodeLTD\obs\2.25\obs-studio\libobs-d3d11\d3d11-vertexbuffer.cpp">
      <Filter>Source Files</Filter>
    </ClCompile>
    <ClCompile Include="C:\CubeNodeLTD\obs\2.25\obs-studio\libobs-d3d11\d3d11-duplicator.cpp">
      <Filter>Source Files</Filter>
    </ClCompile>
    <ClCompile Include="C:\CubeNodeLTD\obs\2.25\obs-studio\libobs-d3d11\d3d11-rebuild.cpp">
      <Filter>Source Files</Filter>
    </ClCompile>
    <ClCompile Include="C:\CubeNodeLTD\obs\2.25\obs-studio\libobs-d3d11\d3d11-zstencilbuffer.cpp">
      <Filter>Source Files</Filter>
    </ClCompile>
  </ItemGroup>
  <ItemGroup>
    <ClInclude Include="C:\CubeNodeLTD\obs\2.25\obs-studio\nbuild\libobs-d3d11\d3d11-config.h">
      <Filter>Header Files</Filter>
    </ClInclude>
    <ClInclude Include="C:\CubeNodeLTD\obs\2.25\obs-studio\libobs-d3d11\intel-nv12-support.hpp">
      <Filter>Header Files</Filter>
    </ClInclude>
    <ClInclude Include="C:\CubeNodeLTD\obs\2.25\obs-studio\libobs-d3d11\d3d11-shaderprocessor.hpp">
      <Filter>Header Files</Filter>
    </ClInclude>
    <ClInclude Include="C:\CubeNodeLTD\obs\2.25\obs-studio\libobs-d3d11\d3d11-subsystem.hpp">
      <Filter>Header Files</Filter>
    </ClInclude>
  </ItemGroup>
  <ItemGroup>
    <CustomBuild Include="C:\CubeNodeLTD\obs\2.25\obs-studio\libobs-d3d11\CMakeLists.txt" />
  </ItemGroup>
  <ItemGroup>
    <ResourceCompile Include="C:\CubeNodeLTD\obs\2.25\obs-studio\nbuild\libobs-d3d11\libobs-d3d11.rc">
      <Filter>Source Files</Filter>
    </ResourceCompile>
  </ItemGroup>
  <ItemGroup>
    <Filter Include="Header Files">
      <UniqueIdentifier>{2BDE9F04-40FC-327F-B22E-E6189C5400E1}</UniqueIdentifier>
    </Filter>
    <Filter Include="Source Files">
      <UniqueIdentifier>{A096C864-D932-3AEE-BAF3-9829F2DF1CD3}</UniqueIdentifier>
    </Filter>
  </ItemGroup>
</Project>
