<?xml version="1.0" encoding="utf-8"?>
<Project ToolsVersion="16.0" xmlns="http://schemas.microsoft.com/developer/msbuild/2003">
  <ItemGroup>
    <CustomBuild Include="D:\cplus\obs-studio\build\CMakeFiles\dff4c979072b60dfce75d70cd73c37cf\PACKAGE_force.rule">
      <Filter>CMake Rules</Filter>
    </CustomBuild>
  </ItemGroup>
  <ItemGroup>
    <Filter Include="CMake Rules">
      <UniqueIdentifier>{0AC83EED-0654-3182-8F1A-64A41541582D}</UniqueIdentifier>
    </Filter>
  </ItemGroup>
</Project>
