<?xml version="1.0" encoding="utf-8"?>
<Project ToolsVersion="16.0" xmlns="http://schemas.microsoft.com/developer/msbuild/2003">
  <ItemGroup>
    <ClCompile Include="D:\cplus\obs-studio\build\libobs-winrt\CMakeFiles\libobs-winrt.dir\cmake_pch.cxx">
      <Filter>Source Files</Filter>
    </ClCompile>
    <ClCompile Include="D:\cplus\obs-studio\libobs-winrt\winrt-capture.cpp">
      <Filter>Source Files</Filter>
    </ClCompile>
    <ClCompile Include="D:\cplus\obs-studio\libobs-winrt\winrt-dispatch.cpp">
      <Filter>Source Files</Filter>
    </ClCompile>
  </ItemGroup>
  <ItemGroup>
    <ClInclude Include="D:\cplus\obs-studio\libobs-winrt\winrt-capture.h">
      <Filter>Header Files</Filter>
    </ClInclude>
    <ClInclude Include="D:\cplus\obs-studio\libobs-winrt\winrt-dispatch.h">
      <Filter>Header Files</Filter>
    </ClInclude>
    <ClInclude Include="D:\cplus\obs-studio\build\libobs-winrt\CMakeFiles\libobs-winrt.dir\Debug\cmake_pch.hxx">
      <Filter>Precompile Header File</Filter>
    </ClInclude>
    <ClInclude Include="D:\cplus\obs-studio\build\libobs-winrt\CMakeFiles\libobs-winrt.dir\Release\cmake_pch.hxx">
      <Filter>Precompile Header File</Filter>
    </ClInclude>
    <ClInclude Include="D:\cplus\obs-studio\build\libobs-winrt\CMakeFiles\libobs-winrt.dir\MinSizeRel\cmake_pch.hxx">
      <Filter>Precompile Header File</Filter>
    </ClInclude>
    <ClInclude Include="D:\cplus\obs-studio\build\libobs-winrt\CMakeFiles\libobs-winrt.dir\RelWithDebInfo\cmake_pch.hxx">
      <Filter>Precompile Header File</Filter>
    </ClInclude>
  </ItemGroup>
  <ItemGroup>
    <CustomBuild Include="D:\cplus\obs-studio\libobs-winrt\CMakeLists.txt" />
  </ItemGroup>
  <ItemGroup>
    <Filter Include="Header Files">
      <UniqueIdentifier>{460C01EF-AEE7-35F1-A026-942F52C87BEA}</UniqueIdentifier>
    </Filter>
    <Filter Include="Precompile Header File">
      <UniqueIdentifier>{58B3B096-040D-3EE1-AD1D-BC418DA520C1}</UniqueIdentifier>
    </Filter>
    <Filter Include="Source Files">
      <UniqueIdentifier>{7E19D42B-3A70-3B10-82CC-9C9D5FEB9694}</UniqueIdentifier>
    </Filter>
  </ItemGroup>
</Project>
