<?xml version="1.0" encoding="utf-8"?>
<Project ToolsVersion="16.0" xmlns="http://schemas.microsoft.com/developer/msbuild/2003">
  <ItemGroup>
    <ClCompile Include="D:\cplus\obs-studio\plugins\obs-ffmpeg\obs-ffmpeg.c">
      <Filter>Source Files</Filter>
    </ClCompile>
    <ClCompile Include="D:\cplus\obs-studio\plugins\obs-ffmpeg\obs-ffmpeg-audio-encoders.c">
      <Filter>Source Files</Filter>
    </ClCompile>
    <ClCompile Include="D:\cplus\obs-studio\plugins\obs-ffmpeg\obs-ffmpeg-nvenc.c">
      <Filter>Source Files</Filter>
    </ClCompile>
    <ClCompile Include="D:\cplus\obs-studio\plugins\obs-ffmpeg\obs-ffmpeg-output.c">
      <Filter>Source Files</Filter>
    </ClCompile>
    <ClCompile Include="D:\cplus\obs-studio\plugins\obs-ffmpeg\obs-ffmpeg-mux.c">
      <Filter>Source Files</Filter>
    </ClCompile>
    <ClCompile Include="D:\cplus\obs-studio\plugins\obs-ffmpeg\obs-ffmpeg-hls-mux.c">
      <Filter>Source Files</Filter>
    </ClCompile>
    <ClCompile Include="D:\cplus\obs-studio\plugins\obs-ffmpeg\obs-ffmpeg-source.c">
      <Filter>Source Files</Filter>
    </ClCompile>
    <ClCompile Include="D:\cplus\obs-studio\plugins\obs-ffmpeg\jim-nvenc.c">
      <Filter>Source Files</Filter>
    </ClCompile>
    <ClCompile Include="D:\cplus\obs-studio\plugins\obs-ffmpeg\jim-nvenc-helpers.c">
      <Filter>Source Files</Filter>
    </ClCompile>
  </ItemGroup>
  <ItemGroup>
    <ClInclude Include="D:\cplus\obs-studio\build\plugins\obs-ffmpeg\obs-ffmpeg-config.h">
      <Filter>Header Files</Filter>
    </ClInclude>
    <ClInclude Include="D:\cplus\obs-studio\plugins\obs-ffmpeg\obs-ffmpeg-compat.h">
      <Filter>Header Files</Filter>
    </ClInclude>
    <ClInclude Include="D:\cplus\obs-studio\plugins\obs-ffmpeg\obs-ffmpeg-formats.h">
      <Filter>Header Files</Filter>
    </ClInclude>
    <ClInclude Include="D:\cplus\obs-studio\plugins\obs-ffmpeg\obs-ffmpeg-mux.h">
      <Filter>Header Files</Filter>
    </ClInclude>
    <ClInclude Include="D:\cplus\obs-studio\plugins\obs-ffmpeg\jim-nvenc.h">
      <Filter>Header Files</Filter>
    </ClInclude>
  </ItemGroup>
  <ItemGroup>
    <CustomBuild Include="D:\cplus\obs-studio\plugins\obs-ffmpeg\CMakeLists.txt" />
  </ItemGroup>
  <ItemGroup>
    <ResourceCompile Include="D:\cplus\obs-studio\build\plugins\obs-ffmpeg\obs-ffmpeg.rc">
      <Filter>Source Files</Filter>
    </ResourceCompile>
  </ItemGroup>
  <ItemGroup>
    <Filter Include="Header Files">
      <UniqueIdentifier>{460C01EF-AEE7-35F1-A026-942F52C87BEA}</UniqueIdentifier>
    </Filter>
    <Filter Include="Source Files">
      <UniqueIdentifier>{7E19D42B-3A70-3B10-82CC-9C9D5FEB9694}</UniqueIdentifier>
    </Filter>
  </ItemGroup>
</Project>
