<?xml version="1.0" encoding="utf-8"?>
<Project ToolsVersion="16.0" xmlns="http://schemas.microsoft.com/developer/msbuild/2003">
  <ItemGroup>
    <ClCompile Include="D:\cplus\obs-studio\plugins\rtmp-services\twitch.c">
      <Filter>Source Files</Filter>
    </ClCompile>
    <ClCompile Include="D:\cplus\obs-studio\plugins\rtmp-services\younow.c">
      <Filter>Source Files</Filter>
    </ClCompile>
    <ClCompile Include="D:\cplus\obs-studio\plugins\rtmp-services\nimotv.c">
      <Filter>Source Files</Filter>
    </ClCompile>
    <ClCompile Include="D:\cplus\obs-studio\plugins\rtmp-services\showroom.c">
      <Filter>Source Files</Filter>
    </ClCompile>
    <ClCompile Include="D:\cplus\obs-studio\plugins\rtmp-services\rtmp-common.c">
      <Filter>Source Files</Filter>
    </ClCompile>
    <ClCompile Include="D:\cplus\obs-studio\plugins\rtmp-services\rtmp-custom.c">
      <Filter>Source Files</Filter>
    </ClCompile>
    <ClCompile Include="D:\cplus\obs-studio\plugins\rtmp-services\rtmp-services-main.c">
      <Filter>Source Files</Filter>
    </ClCompile>
  </ItemGroup>
  <ItemGroup>
    <ClInclude Include="D:\cplus\obs-studio\plugins\rtmp-services\twitch.h">
      <Filter>Header Files</Filter>
    </ClInclude>
    <ClInclude Include="D:\cplus\obs-studio\plugins\rtmp-services\younow.h">
      <Filter>Header Files</Filter>
    </ClInclude>
    <ClInclude Include="D:\cplus\obs-studio\plugins\rtmp-services\nimotv.h">
      <Filter>Header Files</Filter>
    </ClInclude>
    <ClInclude Include="D:\cplus\obs-studio\plugins\rtmp-services\showroom.h">
      <Filter>Header Files</Filter>
    </ClInclude>
    <ClInclude Include="D:\cplus\obs-studio\plugins\rtmp-services\rtmp-format-ver.h">
      <Filter>Header Files</Filter>
    </ClInclude>
    <ClInclude Include="D:\cplus\obs-studio\build\plugins\rtmp-services\lookup-config.h">
      <Filter>Header Files</Filter>
    </ClInclude>
  </ItemGroup>
  <ItemGroup>
    <CustomBuild Include="D:\cplus\obs-studio\plugins\rtmp-services\CMakeLists.txt" />
  </ItemGroup>
  <ItemGroup>
    <ResourceCompile Include="D:\cplus\obs-studio\build\plugins\rtmp-services\rtmp-services.rc">
      <Filter>Source Files</Filter>
    </ResourceCompile>
  </ItemGroup>
  <ItemGroup>
    <Filter Include="Header Files">
      <UniqueIdentifier>{460C01EF-AEE7-35F1-A026-942F52C87BEA}</UniqueIdentifier>
    </Filter>
    <Filter Include="Source Files">
      <UniqueIdentifier>{7E19D42B-3A70-3B10-82CC-9C9D5FEB9694}</UniqueIdentifier>
    </Filter>
  </ItemGroup>
</Project>
