
Microsoft Visual Studio Solution File, Format Version 12.00
# Visual Studio Version 16
Project("{2150E333-8FDC-42A3-9474-1A3956D46DE8}") = "CMakePredefinedTargets", "CMakePredefinedTargets", "{FF92C2D2-77CA-3253-B76D-52EE01076CE4}"
EndProject
Project("{2150E333-8FDC-42A3-9474-1A3956D46DE8}") = "plugins", "plugins", "{8D42E616-F01D-364E-A026-DE65264B67F9}"
EndProject
Project("{2150E333-8FDC-42A3-9474-1A3956D46DE8}") = "win-capture", "plugins\win-capture", "{546C2C86-7620-3E8D-8406-E88408751F6D}"
EndProject
Project("{8BC9CEB8-8B4A-11D0-8D11-00A0C91BC942}") = "ALL_BUILD", "ALL_BUILD.vcxproj", "{1064ABBB-626E-322F-AAE6-711A42483DDF}"
	ProjectSection(ProjectDependencies) = postProject
		{CBA2F221-2AFF-39BB-BEA1-891681875E6F} = {CBA2F221-2AFF-39BB-BEA1-891681875E6F}
		{A588F88A-DE46-3BAC-BEDF-AB74BBB342E1} = {A588F88A-DE46-3BAC-BEDF-AB74BBB342E1}
	EndProjectSection
EndProject
Project("{8BC9CEB8-8B4A-11D0-8D11-00A0C91BC942}") = "INSTALL", "INSTALL.vcxproj", "{986ED730-15F1-332C-B667-8CA1D83255F7}"
	ProjectSection(ProjectDependencies) = postProject
		{1064ABBB-626E-322F-AAE6-711A42483DDF} = {1064ABBB-626E-322F-AAE6-711A42483DDF}
		{CBA2F221-2AFF-39BB-BEA1-891681875E6F} = {CBA2F221-2AFF-39BB-BEA1-891681875E6F}
	EndProjectSection
EndProject
Project("{8BC9CEB8-8B4A-11D0-8D11-00A0C91BC942}") = "PACKAGE", "PACKAGE.vcxproj", "{04DB1C38-D95A-3E99-B868-E40C3154CD9B}"
	ProjectSection(ProjectDependencies) = postProject
		{1064ABBB-626E-322F-AAE6-711A42483DDF} = {1064ABBB-626E-322F-AAE6-711A42483DDF}
		{CBA2F221-2AFF-39BB-BEA1-891681875E6F} = {CBA2F221-2AFF-39BB-BEA1-891681875E6F}
	EndProjectSection
EndProject
Project("{8BC9CEB8-8B4A-11D0-8D11-00A0C91BC942}") = "ZERO_CHECK", "..\..\..\\ZERO_CHECK.vcxproj", "{CBA2F221-2AFF-39BB-BEA1-891681875E6F}"
	ProjectSection(ProjectDependencies) = postProject
	EndProjectSection
EndProject
Project("{8BC9CEB8-8B4A-11D0-8D11-00A0C91BC942}") = "get-graphics-offsets", "get-graphics-offsets.vcxproj", "{A588F88A-DE46-3BAC-BEDF-AB74BBB342E1}"
	ProjectSection(ProjectDependencies) = postProject
		{CBA2F221-2AFF-39BB-BEA1-891681875E6F} = {CBA2F221-2AFF-39BB-BEA1-891681875E6F}
	EndProjectSection
EndProject
Global
	GlobalSection(SolutionConfigurationPlatforms) = preSolution
		Debug|x64 = Debug|x64
		Release|x64 = Release|x64
		MinSizeRel|x64 = MinSizeRel|x64
		RelWithDebInfo|x64 = RelWithDebInfo|x64
	EndGlobalSection
	GlobalSection(ProjectConfigurationPlatforms) = postSolution
		{1064ABBB-626E-322F-AAE6-711A42483DDF}.Debug|x64.ActiveCfg = Debug|x64
		{1064ABBB-626E-322F-AAE6-711A42483DDF}.Debug|x64.Build.0 = Debug|x64
		{1064ABBB-626E-322F-AAE6-711A42483DDF}.Release|x64.ActiveCfg = Release|x64
		{1064ABBB-626E-322F-AAE6-711A42483DDF}.Release|x64.Build.0 = Release|x64
		{1064ABBB-626E-322F-AAE6-711A42483DDF}.MinSizeRel|x64.ActiveCfg = MinSizeRel|x64
		{1064ABBB-626E-322F-AAE6-711A42483DDF}.MinSizeRel|x64.Build.0 = MinSizeRel|x64
		{1064ABBB-626E-322F-AAE6-711A42483DDF}.RelWithDebInfo|x64.ActiveCfg = RelWithDebInfo|x64
		{1064ABBB-626E-322F-AAE6-711A42483DDF}.RelWithDebInfo|x64.Build.0 = RelWithDebInfo|x64
		{986ED730-15F1-332C-B667-8CA1D83255F7}.Debug|x64.ActiveCfg = Debug|x64
		{986ED730-15F1-332C-B667-8CA1D83255F7}.Release|x64.ActiveCfg = Release|x64
		{986ED730-15F1-332C-B667-8CA1D83255F7}.MinSizeRel|x64.ActiveCfg = MinSizeRel|x64
		{986ED730-15F1-332C-B667-8CA1D83255F7}.RelWithDebInfo|x64.ActiveCfg = RelWithDebInfo|x64
		{04DB1C38-D95A-3E99-B868-E40C3154CD9B}.Debug|x64.ActiveCfg = Debug|x64
		{04DB1C38-D95A-3E99-B868-E40C3154CD9B}.Release|x64.ActiveCfg = Release|x64
		{04DB1C38-D95A-3E99-B868-E40C3154CD9B}.MinSizeRel|x64.ActiveCfg = MinSizeRel|x64
		{04DB1C38-D95A-3E99-B868-E40C3154CD9B}.RelWithDebInfo|x64.ActiveCfg = RelWithDebInfo|x64
		{CBA2F221-2AFF-39BB-BEA1-891681875E6F}.Debug|x64.ActiveCfg = Debug|x64
		{CBA2F221-2AFF-39BB-BEA1-891681875E6F}.Debug|x64.Build.0 = Debug|x64
		{CBA2F221-2AFF-39BB-BEA1-891681875E6F}.Release|x64.ActiveCfg = Release|x64
		{CBA2F221-2AFF-39BB-BEA1-891681875E6F}.Release|x64.Build.0 = Release|x64
		{CBA2F221-2AFF-39BB-BEA1-891681875E6F}.MinSizeRel|x64.ActiveCfg = MinSizeRel|x64
		{CBA2F221-2AFF-39BB-BEA1-891681875E6F}.MinSizeRel|x64.Build.0 = MinSizeRel|x64
		{CBA2F221-2AFF-39BB-BEA1-891681875E6F}.RelWithDebInfo|x64.ActiveCfg = RelWithDebInfo|x64
		{CBA2F221-2AFF-39BB-BEA1-891681875E6F}.RelWithDebInfo|x64.Build.0 = RelWithDebInfo|x64
		{A588F88A-DE46-3BAC-BEDF-AB74BBB342E1}.Debug|x64.ActiveCfg = Debug|x64
		{A588F88A-DE46-3BAC-BEDF-AB74BBB342E1}.Debug|x64.Build.0 = Debug|x64
		{A588F88A-DE46-3BAC-BEDF-AB74BBB342E1}.Release|x64.ActiveCfg = Release|x64
		{A588F88A-DE46-3BAC-BEDF-AB74BBB342E1}.Release|x64.Build.0 = Release|x64
		{A588F88A-DE46-3BAC-BEDF-AB74BBB342E1}.MinSizeRel|x64.ActiveCfg = MinSizeRel|x64
		{A588F88A-DE46-3BAC-BEDF-AB74BBB342E1}.MinSizeRel|x64.Build.0 = MinSizeRel|x64
		{A588F88A-DE46-3BAC-BEDF-AB74BBB342E1}.RelWithDebInfo|x64.ActiveCfg = RelWithDebInfo|x64
		{A588F88A-DE46-3BAC-BEDF-AB74BBB342E1}.RelWithDebInfo|x64.Build.0 = RelWithDebInfo|x64
	EndGlobalSection
	GlobalSection(NestedProjects) = preSolution
		{1064ABBB-626E-322F-AAE6-711A42483DDF} = {FF92C2D2-77CA-3253-B76D-52EE01076CE4}
		{986ED730-15F1-332C-B667-8CA1D83255F7} = {FF92C2D2-77CA-3253-B76D-52EE01076CE4}
		{04DB1C38-D95A-3E99-B868-E40C3154CD9B} = {FF92C2D2-77CA-3253-B76D-52EE01076CE4}
		{CBA2F221-2AFF-39BB-BEA1-891681875E6F} = {FF92C2D2-77CA-3253-B76D-52EE01076CE4}
		{546C2C86-7620-3E8D-8406-E88408751F6D} = {8D42E616-F01D-364E-A026-DE65264B67F9}
		{A588F88A-DE46-3BAC-BEDF-AB74BBB342E1} = {546C2C86-7620-3E8D-8406-E88408751F6D}
	EndGlobalSection
	GlobalSection(ExtensibilityGlobals) = postSolution
		SolutionGuid = {DCF7B5FD-82C0-3A14-9059-4B43BD570E5D}
	EndGlobalSection
	GlobalSection(ExtensibilityAddIns) = postSolution
	EndGlobalSection
EndGlobal
