<?xml version="1.0" encoding="utf-8"?>
<Project ToolsVersion="16.0" xmlns="http://schemas.microsoft.com/developer/msbuild/2003">
  <ItemGroup>
    <ClCompile Include="D:\cplus\obs-studio\plugins\enc-amf\source\amf.cpp">
      <Filter>Source Files</Filter>
    </ClCompile>
    <ClCompile Include="D:\cplus\obs-studio\plugins\enc-amf\source\amf-capabilities.cpp">
      <Filter>Source Files</Filter>
    </ClCompile>
    <ClCompile Include="D:\cplus\obs-studio\plugins\enc-amf\source\amf-encoder.cpp">
      <Filter>Source Files</Filter>
    </ClCompile>
    <ClCompile Include="D:\cplus\obs-studio\plugins\enc-amf\source\amf-encoder-h264.cpp">
      <Filter>Source Files</Filter>
    </ClCompile>
    <ClCompile Include="D:\cplus\obs-studio\plugins\enc-amf\source\enc-h264.cpp">
      <Filter>Source Files</Filter>
    </ClCompile>
    <ClCompile Include="D:\cplus\obs-studio\plugins\enc-amf\source\amf-encoder-h265.cpp">
      <Filter>Source Files</Filter>
    </ClCompile>
    <ClCompile Include="D:\cplus\obs-studio\plugins\enc-amf\source\enc-h265.cpp">
      <Filter>Source Files</Filter>
    </ClCompile>
    <ClCompile Include="D:\cplus\obs-studio\plugins\enc-amf\source\api-base.cpp">
      <Filter>Source Files</Filter>
    </ClCompile>
    <ClCompile Include="D:\cplus\obs-studio\plugins\enc-amf\source\api-host.cpp">
      <Filter>Source Files</Filter>
    </ClCompile>
    <ClCompile Include="D:\cplus\obs-studio\plugins\enc-amf\source\api-opengl.cpp">
      <Filter>Source Files</Filter>
    </ClCompile>
    <ClCompile Include="D:\cplus\obs-studio\plugins\enc-amf\source\utility.cpp">
      <Filter>Source Files</Filter>
    </ClCompile>
    <ClCompile Include="D:\cplus\obs-studio\plugins\enc-amf\source\plugin.cpp">
      <Filter>Source Files</Filter>
    </ClCompile>
    <ClCompile Include="D:\cplus\obs-studio\plugins\enc-amf\source\api-d3d9.cpp">
      <Filter>Source Files</Filter>
    </ClCompile>
    <ClCompile Include="D:\cplus\obs-studio\plugins\enc-amf\source\api-d3d11.cpp">
      <Filter>Source Files</Filter>
    </ClCompile>
  </ItemGroup>
  <ItemGroup>
    <ClInclude Include="D:\cplus\obs-studio\plugins\enc-amf\include\amf.hpp">
      <Filter>Header Files</Filter>
    </ClInclude>
    <ClInclude Include="D:\cplus\obs-studio\plugins\enc-amf\include\amf-capabilities.hpp">
      <Filter>Header Files</Filter>
    </ClInclude>
    <ClInclude Include="D:\cplus\obs-studio\plugins\enc-amf\include\amf-encoder.hpp">
      <Filter>Header Files</Filter>
    </ClInclude>
    <ClInclude Include="D:\cplus\obs-studio\plugins\enc-amf\include\amf-encoder-h264.hpp">
      <Filter>Header Files</Filter>
    </ClInclude>
    <ClInclude Include="D:\cplus\obs-studio\plugins\enc-amf\include\enc-h264.hpp">
      <Filter>Header Files</Filter>
    </ClInclude>
    <ClInclude Include="D:\cplus\obs-studio\plugins\enc-amf\include\amf-encoder-h265.hpp">
      <Filter>Header Files</Filter>
    </ClInclude>
    <ClInclude Include="D:\cplus\obs-studio\plugins\enc-amf\include\enc-h265.hpp">
      <Filter>Header Files</Filter>
    </ClInclude>
    <ClInclude Include="D:\cplus\obs-studio\plugins\enc-amf\include\api-base.hpp">
      <Filter>Header Files</Filter>
    </ClInclude>
    <ClInclude Include="D:\cplus\obs-studio\plugins\enc-amf\include\api-host.hpp">
      <Filter>Header Files</Filter>
    </ClInclude>
    <ClInclude Include="D:\cplus\obs-studio\plugins\enc-amf\include\api-opengl.hpp">
      <Filter>Header Files</Filter>
    </ClInclude>
    <ClInclude Include="D:\cplus\obs-studio\plugins\enc-amf\include\utility.hpp">
      <Filter>Header Files</Filter>
    </ClInclude>
    <ClInclude Include="D:\cplus\obs-studio\plugins\enc-amf\include\plugin.hpp">
      <Filter>Header Files</Filter>
    </ClInclude>
    <ClInclude Include="D:\cplus\obs-studio\plugins\enc-amf\include\strings.hpp">
      <Filter>Header Files</Filter>
    </ClInclude>
    <ClInclude Include="D:\cplus\obs-studio\build\plugins\enc-amf\include\version.hpp">
      <Filter>Header Files</Filter>
    </ClInclude>
    <ClInclude Include="D:\cplus\obs-studio\plugins\enc-amf\include\api-d3d9.hpp">
      <Filter>Header Files</Filter>
    </ClInclude>
    <ClInclude Include="D:\cplus\obs-studio\plugins\enc-amf\include\api-d3d11.hpp">
      <Filter>Header Files</Filter>
    </ClInclude>
  </ItemGroup>
  <ItemGroup>
    <CustomBuild Include="D:\cplus\obs-studio\plugins\enc-amf\CMakeLists.txt" />
  </ItemGroup>
  <ItemGroup>
    <None Include="D:\cplus\obs-studio\plugins\enc-amf\resources\locale\en-US.ini" />
    <None Include="D:\cplus\obs-studio\plugins\enc-amf\LICENSE" />
  </ItemGroup>
  <ItemGroup>
    <ResourceCompile Include="D:\cplus\obs-studio\build\plugins\enc-amf\cmake\version.rc">
      <Filter>Source Files</Filter>
    </ResourceCompile>
  </ItemGroup>
  <ItemGroup>
    <Filter Include="Header Files">
      <UniqueIdentifier>{460C01EF-AEE7-35F1-A026-942F52C87BEA}</UniqueIdentifier>
    </Filter>
    <Filter Include="Source Files">
      <UniqueIdentifier>{7E19D42B-3A70-3B10-82CC-9C9D5FEB9694}</UniqueIdentifier>
    </Filter>
  </ItemGroup>
</Project>
